// !$*UTF8*$!
{
	archiveVersion = 1;
	classes = {
	};
	objectVersion = 50;
	objects = {

/* Begin PBXBuildFile section */
		4F451EEB23FC0C8100F082EB /* AppDelegate.m in Sources */ = {isa = PBXBuildFile; fileRef = 4F451EEA23FC0C8100F082EB /* AppDelegate.m */; };
		4F451EEE23FC0C8100F082EB /* SceneDelegate.m in Sources */ = {isa = PBXBuildFile; fileRef = 4F451EED23FC0C8100F082EB /* SceneDelegate.m */; };
		4F451EF123FC0C8100F082EB /* ViewController.m in Sources */ = {isa = PBXBuildFile; fileRef = 4F451EF023FC0C8100F082EB /* ViewController.m */; };
		4F451EF423FC0C8100F082EB /* Main.storyboard in Resources */ = {isa = PBXBuildFile; fileRef = 4F451EF223FC0C8100F082EB /* Main.storyboard */; };
		4F451EF623FC0C8200F082EB /* Assets.xcassets in Resources */ = {isa = PBXBuildFile; fileRef = 4F451EF523FC0C8200F082EB /* Assets.xcassets */; };
		4F451EF923FC0C8200F082EB /* LaunchScreen.storyboard in Resources */ = {isa = PBXBuildFile; fileRef = 4F451EF723FC0C8200F082EB /* LaunchScreen.storyboard */; };
		4F451EFC23FC0C8200F082EB /* main.m in Sources */ = {isa = PBXBuildFile; fileRef = 4F451EFB23FC0C8200F082EB /* main.m */; };
		4F451F0423FC125C00F082EB /* UIView+RoundedCorner.m in Sources */ = {isa = PBXBuildFile; fileRef = 4F451F0323FC125C00F082EB /* UIView+RoundedCorner.m */; };
		4F451F0723FC206200F082EB /* UIImage+RoundedCorder.m in Sources */ = {isa = PBXBuildFile; fileRef = 4F451F0623FC206200F082EB /* UIImage+RoundedCorder.m */; };
		4F451F0923FC24DC00F082EB /* avator.jpg in Resources */ = {isa = PBXBuildFile; fileRef = 4F451F0823FC24DC00F082EB /* avator.jpg */; };
/* End PBXBuildFile section */

/* Begin PBXFileReference section */
		4F451EE623FC0C8100F082EB /* 0218-RoundedCorder-OC.app */ = {isa = PBXFileReference; explicitFileType = wrapper.application; includeInIndex = 0; path = "0218-RoundedCorder-OC.app"; sourceTree = BUILT_PRODUCTS_DIR; };
		4F451EE923FC0C8100F082EB /* AppDelegate.h */ = {isa = PBXFileReference; lastKnownFileType = sourcecode.c.h; path = AppDelegate.h; sourceTree = "<group>"; };
		4F451EEA23FC0C8100F082EB /* AppDelegate.m */ = {isa = PBXFileReference; lastKnownFileType = sourcecode.c.objc; path = AppDelegate.m; sourceTree = "<group>"; };
		4F451EEC23FC0C8100F082EB /* SceneDelegate.h */ = {isa = PBXFileReference; lastKnownFileType = sourcecode.c.h; path = SceneDelegate.h; sourceTree = "<group>"; };
		4F451EED23FC0C8100F082EB /* SceneDelegate.m */ = {isa = PBXFileReference; lastKnownFileType = sourcecode.c.objc; path = SceneDelegate.m; sourceTree = "<group>"; };
		4F451EEF23FC0C8100F082EB /* ViewController.h */ = {isa = PBXFileReference; lastKnownFileType = sourcecode.c.h; path = ViewController.h; sourceTree = "<group>"; };
		4F451EF023FC0C8100F082EB /* ViewController.m */ = {isa = PBXFileReference; lastKnownFileType = sourcecode.c.objc; path = ViewController.m; sourceTree = "<group>"; };
		4F451EF323FC0C8100F082EB /* Base */ = {isa = PBXFileReference; lastKnownFileType = file.storyboard; name = Base; path = Base.lproj/Main.storyboard; sourceTree = "<group>"; };
		4F451EF523FC0C8200F082EB /* Assets.xcassets */ = {isa = PBXFileReference; lastKnownFileType = folder.assetcatalog; path = Assets.xcassets; sourceTree = "<group>"; };
		4F451EF823FC0C8200F082EB /* Base */ = {isa = PBXFileReference; lastKnownFileType = file.storyboard; name = Base; path = Base.lproj/LaunchScreen.storyboard; sourceTree = "<group>"; };
		4F451EFA23FC0C8200F082EB /* Info.plist */ = {isa = PBXFileReference; lastKnownFileType = text.plist.xml; path = Info.plist; sourceTree = "<group>"; };
		4F451EFB23FC0C8200F082EB /* main.m */ = {isa = PBXFileReference; lastKnownFileType = sourcecode.c.objc; path = main.m; sourceTree = "<group>"; };
		4F451F0223FC125C00F082EB /* UIView+RoundedCorner.h */ = {isa = PBXFileReference; lastKnownFileType = sourcecode.c.h; path = "UIView+RoundedCorner.h"; sourceTree = "<group>"; };
		4F451F0323FC125C00F082EB /* UIView+RoundedCorner.m */ = {isa = PBXFileReference; lastKnownFileType = sourcecode.c.objc; path = "UIView+RoundedCorner.m"; sourceTree = "<group>"; };
		4F451F0523FC206200F082EB /* UIImage+RoundedCorder.h */ = {isa = PBXFileReference; lastKnownFileType = sourcecode.c.h; path = "UIImage+RoundedCorder.h"; sourceTree = "<group>"; };
		4F451F0623FC206200F082EB /* UIImage+RoundedCorder.m */ = {isa = PBXFileReference; lastKnownFileType = sourcecode.c.objc; path = "UIImage+RoundedCorder.m"; sourceTree = "<group>"; };
		4F451F0823FC24DC00F082EB /* avator.jpg */ = {isa = PBXFileReference; lastKnownFileType = image.jpeg; path = avator.jpg; sourceTree = "<group>"; };
/* End PBXFileReference section */

/* Begin PBXFrameworksBuildPhase section */
		4F451EE323FC0C8100F082EB /* Frameworks */ = {
			isa = PBXFrameworksBuildPhase;
			buildActionMask = 2147483647;
			files = (
			);
			runOnlyForDeploymentPostprocessing = 0;
		};
/* End PBXFrameworksBuildPhase section */

/* Begin PBXGroup section */
		4F451EDD23FC0C8100F082EB = {
			isa = PBXGroup;
			children = (
				4F451EE823FC0C8100F082EB /* 0218-RoundedCorder-OC */,
				4F451EE723FC0C8100F082EB /* Products */,
			);
			sourceTree = "<group>";
		};
		4F451EE723FC0C8100F082EB /* Products */ = {
			isa = PBXGroup;
			children = (
				4F451EE623FC0C8100F082EB /* 0218-RoundedCorder-OC.app */,
			);
			name = Products;
			sourceTree = "<group>";
		};
		4F451EE823FC0C8100F082EB /* 0218-RoundedCorder-OC */ = {
			isa = PBXGroup;
			children = (
				4F451F0823FC24DC00F082EB /* avator.jpg */,
				4F451EE923FC0C8100F082EB /* AppDelegate.h */,
				4F451EEA23FC0C8100F082EB /* AppDelegate.m */,
				4F451EEC23FC0C8100F082EB /* SceneDelegate.h */,
				4F451EED23FC0C8100F082EB /* SceneDelegate.m */,
				4F451EEF23FC0C8100F082EB /* ViewController.h */,
				4F451EF023FC0C8100F082EB /* ViewController.m */,
				4F451F0523FC206200F082EB /* UIImage+RoundedCorder.h */,
				4F451F0623FC206200F082EB /* UIImage+RoundedCorder.m */,
				4F451EF223FC0C8100F082EB /* Main.storyboard */,
				4F451EF523FC0C8200F082EB /* Assets.xcassets */,
				4F451EF723FC0C8200F082EB /* LaunchScreen.storyboard */,
				4F451EFA23FC0C8200F082EB /* Info.plist */,
				4F451EFB23FC0C8200F082EB /* main.m */,
				4F451F0223FC125C00F082EB /* UIView+RoundedCorner.h */,
				4F451F0323FC125C00F082EB /* UIView+RoundedCorner.m */,
			);
			path = "0218-RoundedCorder-OC";
			sourceTree = "<group>";
		};
/* End PBXGroup section */

/* Begin PBXNativeTarget section */
		4F451EE523FC0C8100F082EB /* 0218-RoundedCorder-OC */ = {
			isa = PBXNativeTarget;
			buildConfigurationList = 4F451EFF23FC0C8200F082EB /* Build configuration list for PBXNativeTarget "0218-RoundedCorder-OC" */;
			buildPhases = (
				4F451EE223FC0C8100F082EB /* Sources */,
				4F451EE323FC0C8100F082EB /* Frameworks */,
				4F451EE423FC0C8100F082EB /* Resources */,
			);
			buildRules = (
			);
			dependencies = (
			);
			name = "0218-RoundedCorder-OC";
			productName = "0218-RoundedCorder-OC";
			productReference = 4F451EE623FC0C8100F082EB /* 0218-RoundedCorder-OC.app */;
			productType = "com.apple.product-type.application";
		};
/* End PBXNativeTarget section */

/* Begin PBXProject section */
		4F451EDE23FC0C8100F082EB /* Project object */ = {
			isa = PBXProject;
			attributes = {
				LastUpgradeCheck = 1130;
				ORGANIZATIONNAME = pmst;
				TargetAttributes = {
					4F451EE523FC0C8100F082EB = {
						CreatedOnToolsVersion = 11.3.1;
					};
				};
			};
			buildConfigurationList = 4F451EE123FC0C8100F082EB /* Build configuration list for PBXProject "0218-RoundedCorder-OC" */;
			compatibilityVersion = "Xcode 9.3";
			developmentRegion = en;
			hasScannedForEncodings = 0;
			knownRegions = (
				en,
				Base,
			);
			mainGroup = 4F451EDD23FC0C8100F082EB;
			productRefGroup = 4F451EE723FC0C8100F082EB /* Products */;
			projectDirPath = "";
			projectRoot = "";
			targets = (
				4F451EE523FC0C8100F082EB /* 0218-RoundedCorder-OC */,
			);
		};
/* End PBXProject section */

/* Begin PBXResourcesBuildPhase section */
		4F451EE423FC0C8100F082EB /* Resources */ = {
			isa = PBXResourcesBuildPhase;
			buildActionMask = 2147483647;
			files = (
				4F451EF923FC0C8200F082EB /* LaunchScreen.storyboard in Resources */,
				4F451EF623FC0C8200F082EB /* Assets.xcassets in Resources */,
				4F451F0923FC24DC00F082EB /* avator.jpg in Resources */,
				4F451EF423FC0C8100F082EB /* Main.storyboard in Resources */,
			);
			runOnlyForDeploymentPostprocessing = 0;
		};
/* End PBXResourcesBuildPhase section */

/* Begin PBXSourcesBuildPhase section */
		4F451EE223FC0C8100F082EB /* Sources */ = {
			isa = PBXSourcesBuildPhase;
			buildActionMask = 2147483647;
			files = (
				4F451EF123FC0C8100F082EB /* ViewController.m in Sources */,
				4F451F0423FC125C00F082EB /* UIView+RoundedCorner.m in Sources */,
				4F451EEB23FC0C8100F082EB /* AppDelegate.m in Sources */,
				4F451EFC23FC0C8200F082EB /* main.m in Sources */,
				4F451F0723FC206200F082EB /* UIImage+RoundedCorder.m in Sources */,
				4F451EEE23FC0C8100F082EB /* SceneDelegate.m in Sources */,
			);
			runOnlyForDeploymentPostprocessing = 0;
		};
/* End PBXSourcesBuildPhase section */

/* Begin PBXVariantGroup section */
		4F451EF223FC0C8100F082EB /* Main.storyboard */ = {
			isa = PBXVariantGroup;
			children = (
				4F451EF323FC0C8100F082EB /* Base */,
			);
			name = Main.storyboard;
			sourceTree = "<group>";
		};
		4F451EF723FC0C8200F082EB /* LaunchScreen.storyboard */ = {
			isa = PBXVariantGroup;
			children = (
				4F451EF823FC0C8200F082EB /* Base */,
			);
			name = LaunchScreen.storyboard;
			sourceTree = "<group>";
		};
/* End PBXVariantGroup section */

/* Begin XCBuildConfiguration section */
		4F451EFD23FC0C8200F082EB /* Debug */ = {
			isa = XCBuildConfiguration;
			buildSettings = {
				ALWAYS_SEARCH_USER_PATHS = NO;
				CLANG_ANALYZER_NONNULL = YES;
				CLANG_ANALYZER_NUMBER_OBJECT_CONVERSION = YES_AGGRESSIVE;
				CLANG_CXX_LANGUAGE_STANDARD = "gnu++14";
				CLANG_CXX_LIBRARY = "libc++";
				CLANG_ENABLE_MODULES = YES;
				CLANG_ENABLE_OBJC_ARC = YES;
				CLANG_ENABLE_OBJC_WEAK = YES;
				CLANG_WARN_BLOCK_CAPTURE_AUTORELEASING = YES;
				CLANG_WARN_BOOL_CONVERSION = YES;
				CLANG_WARN_COMMA = YES;
				CLANG_WARN_CONSTANT_CONVERSION = YES;
				CLANG_WARN_DEPRECATED_OBJC_IMPLEMENTATIONS = YES;
				CLANG_WARN_DIRECT_OBJC_ISA_USAGE = YES_ERROR;
				CLANG_WARN_DOCUMENTATION_COMMENTS = YES;
				CLANG_WARN_EMPTY_BODY = YES;
				CLANG_WARN_ENUM_CONVERSION = YES;
				CLANG_WARN_INFINITE_RECURSION = YES;
				CLANG_WARN_INT_CONVERSION = YES;
				CLANG_WARN_NON_LITERAL_NULL_CONVERSION = YES;
				CLANG_WARN_OBJC_IMPLICIT_RETAIN_SELF = YES;
				CLANG_WARN_OBJC_LITERAL_CONVERSION = YES;
				CLANG_WARN_OBJC_ROOT_CLASS = YES_ERROR;
				CLANG_WARN_RANGE_LOOP_ANALYSIS = YES;
				CLANG_WARN_STRICT_PROTOTYPES = YES;
				CLANG_WARN_SUSPICIOUS_MOVE = YES;
				CLANG_WARN_UNGUARDED_AVAILABILITY = YES_AGGRESSIVE;
				CLANG_WARN_UNREACHABLE_CODE = YES;
				CLANG_WARN__DUPLICATE_METHOD_MATCH = YES;
				COPY_PHASE_STRIP = NO;
				DEBUG_INFORMATION_FORMAT = dwarf;
				ENABLE_STRICT_OBJC_MSGSEND = YES;
				ENABLE_TESTABILITY = YES;
				GCC_C_LANGUAGE_STANDARD = gnu11;
				GCC_DYNAMIC_NO_PIC = NO;
				GCC_NO_COMMON_BLOCKS = YES;
				GCC_OPTIMIZATION_LEVEL = 0;
				GCC_PREPROCESSOR_DEFINITIONS = (
					"DEBUG=1",
					"$(inherited)",
				);
				GCC_WARN_64_TO_32_BIT_CONVERSION = YES;
				GCC_WARN_ABOUT_RETURN_TYPE = YES_ERROR;
				GCC_WARN_UNDECLARED_SELECTOR = YES;
				GCC_WARN_UNINITIALIZED_AUTOS = YES_AGGRESSIVE;
				GCC_WARN_UNUSED_FUNCTION = YES;
				GCC_WARN_UNUSED_VARIABLE = YES;
				IPHONEOS_DEPLOYMENT_TARGET = 13.2;
				MTL_ENABLE_DEBUG_INFO = INCLUDE_SOURCE;
				MTL_FAST_MATH = YES;
				ONLY_ACTIVE_ARCH = YES;
				SDKROOT = iphoneos;
			};
			name = Debug;
		};
		4F451EFE23FC0C8200F082EB /* Release */ = {
			isa = XCBuildConfiguration;
			buildSettings = {
				ALWAYS_SEARCH_USER_PATHS = NO;
				CLANG_ANALYZER_NONNULL = YES;
				CLANG_ANALYZER_NUMBER_OBJECT_CONVERSION = YES_AGGRESSIVE;
				CLANG_CXX_LANGUAGE_STANDARD = "gnu++14";
				CLANG_CXX_LIBRARY = "libc++";
				CLANG_ENABLE_MODULES = YES;
				CLANG_ENABLE_OBJC_ARC = YES;
				CLANG_ENABLE_OBJC_WEAK = YES;
				CLANG_WARN_BLOCK_CAPTURE_AUTORELEASING = YES;
				CLANG_WARN_BOOL_CONVERSION = YES;
				CLANG_WARN_COMMA = YES;
				CLANG_WARN_CONSTANT_CONVERSION = YES;
				CLANG_WARN_DEPRECATED_OBJC_IMPLEMENTATIONS = YES;
				CLANG_WARN_DIRECT_OBJC_ISA_USAGE = YES_ERROR;
				CLANG_WARN_DOCUMENTATION_COMMENTS = YES;
				CLANG_WARN_EMPTY_BODY = YES;
				CLANG_WARN_ENUM_CONVERSION = YES;
				CLANG_WARN_INFINITE_RECURSION = YES;
				CLANG_WARN_INT_CONVERSION = YES;
				CLANG_WARN_NON_LITERAL_NULL_CONVERSION = YES;
				CLANG_WARN_OBJC_IMPLICIT_RETAIN_SELF = YES;
				CLANG_WARN_OBJC_LITERAL_CONVERSION = YES;
				CLANG_WARN_OBJC_ROOT_CLASS = YES_ERROR;
				CLANG_WARN_RANGE_LOOP_ANALYSIS = YES;
				CLANG_WARN_STRICT_PROTOTYPES = YES;
				CLANG_WARN_SUSPICIOUS_MOVE = YES;
				CLANG_WARN_UNGUARDED_AVAILABILITY = YES_AGGRESSIVE;
				CLANG_WARN_UNREACHABLE_CODE = YES;
				CLANG_WARN__DUPLICATE_METHOD_MATCH = YES;
				COPY_PHASE_STRIP = NO;
				DEBUG_INFORMATION_FORMAT = "dwarf-with-dsym";
				ENABLE_NS_ASSERTIONS = NO;
				ENABLE_STRICT_OBJC_MSGSEND = YES;
				GCC_C_LANGUAGE_STANDARD = gnu11;
				GCC_NO_COMMON_BLOCKS = YES;
				GCC_WARN_64_TO_32_BIT_CONVERSION = YES;
				GCC_WARN_ABOUT_RETURN_TYPE = YES_ERROR;
				GCC_WARN_UNDECLARED_SELECTOR = YES;
				GCC_WARN_UNINITIALIZED_AUTOS = YES_AGGRESSIVE;
				GCC_WARN_UNUSED_FUNCTION = YES;
				GCC_WARN_UNUSED_VARIABLE = YES;
				IPHONEOS_DEPLOYMENT_TARGET = 13.2;
				MTL_ENABLE_DEBUG_INFO = NO;
				MTL_FAST_MATH = YES;
				SDKROOT = iphoneos;
				VALIDATE_PRODUCT = YES;
			};
			name = Release;
		};
		4F451F0023FC0C8200F082EB /* Debug */ = {
			isa = XCBuildConfiguration;
			buildSettings = {
				ASSETCATALOG_COMPILER_APPICON_NAME = AppIcon;
				CODE_SIGN_STYLE = Automatic;
				DEVELOPMENT_TEAM = 66AQ356GA4;
				INFOPLIST_FILE = "0218-RoundedCorder-OC/Info.plist";
				LD_RUNPATH_SEARCH_PATHS = (
					"$(inherited)",
					"@executable_path/Frameworks",
				);
				PRODUCT_BUNDLE_IDENTIFIER = "com.pmst.-218-RoundedCorder-OC";
				PRODUCT_NAME = "$(TARGET_NAME)";
				TARGETED_DEVICE_FAMILY = "1,2";
			};
			name = Debug;
		};
		4F451F0123FC0C8200F082EB /* Release */ = {
			isa = XCBuildConfiguration;
			buildSettings = {
				ASSETCATALOG_COMPILER_APPICON_NAME = AppIcon;
				CODE_SIGN_STYLE = Automatic;
				DEVELOPMENT_TEAM = 66AQ356GA4;
				INFOPLIST_FILE = "0218-RoundedCorder-OC/Info.plist";
				LD_RUNPATH_SEARCH_PATHS = (
					"$(inherited)",
					"@executable_path/Frameworks",
				);
				PRODUCT_BUNDLE_IDENTIFIER = "com.pmst.-218-RoundedCorder-OC";
				PRODUCT_NAME = "$(TARGET_NAME)";
				TARGETED_DEVICE_FAMILY = "1,2";
			};
			name = Release;
		};
/* End XCBuildConfiguration section */

/* Begin XCConfigurationList section */
		4F451EE123FC0C8100F082EB /* Build configuration list for PBXProject "0218-RoundedCorder-OC" */ = {
			isa = XCConfigurationList;
			buildConfigurations = (
				4F451EFD23FC0C8200F082EB /* Debug */,
				4F451EFE23FC0C8200F082EB /* Release */,
			);
			defaultConfigurationIsVisible = 0;
			defaultConfigurationName = Release;
		};
		4F451EFF23FC0C8200F082EB /* Build configuration list for PBXNativeTarget "0218-RoundedCorder-OC" */ = {
			isa = XCConfigurationList;
			buildConfigurations = (
				4F451F0023FC0C8200F082EB /* Debug */,
				4F451F0123FC0C8200F082EB /* Release */,
			);
			defaultConfigurationIsVisible = 0;
			defaultConfigurationName = Release;
		};
/* End XCConfigurationList section */
	};
	rootObject = 4F451EDE23FC0C8100F082EB /* Project object */;
}
